
Microsoft Visual Studio Solution File, Format Version 12.00
# Visual Studio Version 17
VisualStudioVersion = 17.4.33103.184
MinimumVisualStudioVersion = 10.0.40219.1
Project("{FAE04EC0-301F-11D3-BF4B-00C04F79EFBC}") = "NumberConverter", "M320_UnitTesting_NumberConverter\NumberConverter.csproj", "{56AFE0A8-04D6-4A3F-A241-AC13B59186D9}"
EndProject
Global
	GlobalSection(SolutionConfigurationPlatforms) = preSolution
		Debug|Any CPU = Debug|Any CPU
		Release|Any CPU = Release|Any CPU
	EndGlobalSection
	GlobalSection(ProjectConfigurationPlatforms) = postSolution
		{56AFE0A8-04D6-4A3F-A241-AC13B59186D9}.Debug|Any CPU.ActiveCfg = Debug|Any CPU
		{56AFE0A8-04D6-4A3F-A241-AC13B59186D9}.Debug|Any CPU.Build.0 = Debug|Any CPU
		{56AFE0A8-04D6-4A3F-A241-AC13B59186D9}.Release|Any CPU.ActiveCfg = Release|Any CPU
		{56AFE0A8-04D6-4A3F-A241-AC13B59186D9}.Release|Any CPU.Build.0 = Release|Any CPU
	EndGlobalSection
	GlobalSection(SolutionProperties) = preSolution
		HideSolutionNode = FALSE
	EndGlobalSection
	GlobalSection(ExtensibilityGlobals) = postSolution
		SolutionGuid = {58181F71-A9EC-4B2B-827D-13B07A8835FF}
	EndGlobalSection
EndGlobal
